// !$*UTF8*$!
{
	archiveVersion = 1;
	classes = {
	};
	objectVersion = 50;
	objects = {

/* Begin PBXBuildFile section */
		3D5C160B212AC6000008D303 /* AppDelegate.swift in Sources */ = {isa = PBXBuildFile; fileRef = 3D5C160A212AC6000008D303 /* AppDelegate.swift */; };
		3D5C160D212AC6000008D303 /* WeatherViewController.swift in Sources */ = {isa = PBXBuildFile; fileRef = 3D5C160C212AC6000008D303 /* WeatherViewController.swift */; };
		3D5C1610212AC6000008D303 /* Main.storyboard in Resources */ = {isa = PBXBuildFile; fileRef = 3D5C160E212AC6000008D303 /* Main.storyboard */; };
		3D5C1613212AC6000008D303 /* WeatherApp.xcdatamodeld in Sources */ = {isa = PBXBuildFile; fileRef = 3D5C1611212AC6000008D303 /* WeatherApp.xcdatamodeld */; };
		3D5C1615212AC6030008D303 /* Assets.xcassets in Resources */ = {isa = PBXBuildFile; fileRef = 3D5C1614212AC6030008D303 /* Assets.xcassets */; };
		3D5C1618212AC6030008D303 /* LaunchScreen.storyboard in Resources */ = {isa = PBXBuildFile; fileRef = 3D5C1616212AC6030008D303 /* LaunchScreen.storyboard */; };
		3D5C1620212C25260008D303 /* WeatherView.swift in Sources */ = {isa = PBXBuildFile; fileRef = 3D5C161F212C25260008D303 /* WeatherView.swift */; };
		3D5C1622212C36F50008D303 /* NetworkLogic.swift in Sources */ = {isa = PBXBuildFile; fileRef = 3D5C1621212C36F50008D303 /* NetworkLogic.swift */; };
		3D5C1624212C3B420008D303 /* Weather.swift in Sources */ = {isa = PBXBuildFile; fileRef = 3D5C1623212C3B420008D303 /* Weather.swift */; };
		3D5C1626212C3DD70008D303 /* Coordinates.swift in Sources */ = {isa = PBXBuildFile; fileRef = 3D5C1625212C3DD70008D303 /* Coordinates.swift */; };
		3D5C1628212C703C0008D303 /* JsonParsingProtocol.swift in Sources */ = {isa = PBXBuildFile; fileRef = 3D5C1627212C703C0008D303 /* JsonParsingProtocol.swift */; };
		3D5C162A212D62BA0008D303 /* SearchViewController.swift in Sources */ = {isa = PBXBuildFile; fileRef = 3D5C1629212D62BA0008D303 /* SearchViewController.swift */; };
		3D5C162C212D62E80008D303 /* SearchFilterViewController.swift in Sources */ = {isa = PBXBuildFile; fileRef = 3D5C162B212D62E80008D303 /* SearchFilterViewController.swift */; };
		3D5C162E212D7C910008D303 /* SearchFilter.swift in Sources */ = {isa = PBXBuildFile; fileRef = 3D5C162D212D7C910008D303 /* SearchFilter.swift */; };
		3D5C1630212DB9CA0008D303 /* SavedWeather.swift in Sources */ = {isa = PBXBuildFile; fileRef = 3D5C162F212DB9CA0008D303 /* SavedWeather.swift */; };
		3D5C16382131785B0008D303 /* CoreDataStack.swift in Sources */ = {isa = PBXBuildFile; fileRef = 3D5C16372131785B0008D303 /* CoreDataStack.swift */; };
		A8FDA2CA11D6F0CA43D53742 /* Pods_WeatherApp.framework in Frameworks */ = {isa = PBXBuildFile; fileRef = 39269D2C4D7BE080DB0077D8 /* Pods_WeatherApp.framework */; };
/* End PBXBuildFile section */

/* Begin PBXFileReference section */
		39269D2C4D7BE080DB0077D8 /* Pods_WeatherApp.framework */ = {isa = PBXFileReference; explicitFileType = wrapper.framework; includeInIndex = 0; path = Pods_WeatherApp.framework; sourceTree = BUILT_PRODUCTS_DIR; };
		3D5C1607212AC6000008D303 /* WeatherApp.app */ = {isa = PBXFileReference; explicitFileType = wrapper.application; includeInIndex = 0; path = WeatherApp.app; sourceTree = BUILT_PRODUCTS_DIR; };
		3D5C160A212AC6000008D303 /* AppDelegate.swift */ = {isa = PBXFileReference; lastKnownFileType = sourcecode.swift; path = AppDelegate.swift; sourceTree = "<group>"; };
		3D5C160C212AC6000008D303 /* WeatherViewController.swift */ = {isa = PBXFileReference; lastKnownFileType = sourcecode.swift; path = WeatherViewController.swift; sourceTree = "<group>"; };
		3D5C160F212AC6000008D303 /* Base */ = {isa = PBXFileReference; lastKnownFileType = file.storyboard; name = Base; path = Base.lproj/Main.storyboard; sourceTree = "<group>"; };
		3D5C1612212AC6000008D303 /* WeatherApp.xcdatamodel */ = {isa = PBXFileReference; lastKnownFileType = wrapper.xcdatamodel; path = WeatherApp.xcdatamodel; sourceTree = "<group>"; };
		3D5C1614212AC6030008D303 /* Assets.xcassets */ = {isa = PBXFileReference; lastKnownFileType = folder.assetcatalog; path = Assets.xcassets; sourceTree = "<group>"; };
		3D5C1617212AC6030008D303 /* Base */ = {isa = PBXFileReference; lastKnownFileType = file.storyboard; name = Base; path = Base.lproj/LaunchScreen.storyboard; sourceTree = "<group>"; };
		3D5C1619212AC6030008D303 /* Info.plist */ = {isa = PBXFileReference; lastKnownFileType = text.plist.xml; path = Info.plist; sourceTree = "<group>"; };
		3D5C161F212C25260008D303 /* WeatherView.swift */ = {isa = PBXFileReference; lastKnownFileType = sourcecode.swift; path = WeatherView.swift; sourceTree = "<group>"; };
		3D5C1621212C36F50008D303 /* NetworkLogic.swift */ = {isa = PBXFileReference; lastKnownFileType = sourcecode.swift; path = NetworkLogic.swift; sourceTree = "<group>"; };
		3D5C1623212C3B420008D303 /* Weather.swift */ = {isa = PBXFileReference; lastKnownFileType = sourcecode.swift; path = Weather.swift; sourceTree = "<group>"; };
		3D5C1625212C3DD70008D303 /* Coordinates.swift */ = {isa = PBXFileReference; lastKnownFileType = sourcecode.swift; path = Coordinates.swift; sourceTree = "<group>"; };
		3D5C1627212C703C0008D303 /* JsonParsingProtocol.swift */ = {isa = PBXFileReference; lastKnownFileType = sourcecode.swift; path = JsonParsingProtocol.swift; sourceTree = "<group>"; };
		3D5C1629212D62BA0008D303 /* SearchViewController.swift */ = {isa = PBXFileReference; lastKnownFileType = sourcecode.swift; path = SearchViewController.swift; sourceTree = "<group>"; };
		3D5C162B212D62E80008D303 /* SearchFilterViewController.swift */ = {isa = PBXFileReference; lastKnownFileType = sourcecode.swift; path = SearchFilterViewController.swift; sourceTree = "<group>"; };
		3D5C162D212D7C910008D303 /* SearchFilter.swift */ = {isa = PBXFileReference; lastKnownFileType = sourcecode.swift; path = SearchFilter.swift; sourceTree = "<group>"; };
		3D5C162F212DB9CA0008D303 /* SavedWeather.swift */ = {isa = PBXFileReference; lastKnownFileType = sourcecode.swift; path = SavedWeather.swift; sourceTree = "<group>"; };
		3D5C16372131785B0008D303 /* CoreDataStack.swift */ = {isa = PBXFileReference; lastKnownFileType = sourcecode.swift; path = CoreDataStack.swift; sourceTree = "<group>"; };
		93990996C7BCD0035FDB1888 /* Pods-WeatherApp.debug.xcconfig */ = {isa = PBXFileReference; includeInIndex = 1; lastKnownFileType = text.xcconfig; name = "Pods-WeatherApp.debug.xcconfig"; path = "Pods/Target Support Files/Pods-WeatherApp/Pods-WeatherApp.debug.xcconfig"; sourceTree = "<group>"; };
		FE1599AFCA44E44B3C24D4E4 /* Pods-WeatherApp.release.xcconfig */ = {isa = PBXFileReference; includeInIndex = 1; lastKnownFileType = text.xcconfig; name = "Pods-WeatherApp.release.xcconfig"; path = "Pods/Target Support Files/Pods-WeatherApp/Pods-WeatherApp.release.xcconfig"; sourceTree = "<group>"; };
/* End PBXFileReference section */

/* Begin PBXFrameworksBuildPhase section */
		3D5C1604212AC6000008D303 /* Frameworks */ = {
			isa = PBXFrameworksBuildPhase;
			buildActionMask = 2147483647;
			files = (
				A8FDA2CA11D6F0CA43D53742 /* Pods_WeatherApp.framework in Frameworks */,
			);
			runOnlyForDeploymentPostprocessing = 0;
		};
/* End PBXFrameworksBuildPhase section */

/* Begin PBXGroup section */
		243A6CFB3D8C8B5DFBB3FBB7 /* Frameworks */ = {
			isa = PBXGroup;
			children = (
				39269D2C4D7BE080DB0077D8 /* Pods_WeatherApp.framework */,
			);
			name = Frameworks;
			sourceTree = "<group>";
		};
		3D5C15FE212AC6000008D303 = {
			isa = PBXGroup;
			children = (
				3D5C1609212AC6000008D303 /* WeatherApp */,
				3D5C1608212AC6000008D303 /* Products */,
				B46E5C9F66FACC160504B74E /* Pods */,
				243A6CFB3D8C8B5DFBB3FBB7 /* Frameworks */,
			);
			sourceTree = "<group>";
		};
		3D5C1608212AC6000008D303 /* Products */ = {
			isa = PBXGroup;
			children = (
				3D5C1607212AC6000008D303 /* WeatherApp.app */,
			);
			name = Products;
			sourceTree = "<group>";
		};
		3D5C1609212AC6000008D303 /* WeatherApp */ = {
			isa = PBXGroup;
			children = (
				3D5C163321314B0E0008D303 /* Model */,
				3D5C163421314B1D0008D303 /* View */,
				3D5C163521314B230008D303 /* Controller */,
				3D5C163621314B9D0008D303 /* Network */,
				3D5C1619212AC6030008D303 /* Info.plist */,
				3D5C1616212AC6030008D303 /* LaunchScreen.storyboard */,
				3D5C160A212AC6000008D303 /* AppDelegate.swift */,
				3D5C160E212AC6000008D303 /* Main.storyboard */,
				3D5C1614212AC6030008D303 /* Assets.xcassets */,
			);
			path = WeatherApp;
			sourceTree = "<group>";
		};
		3D5C163321314B0E0008D303 /* Model */ = {
			isa = PBXGroup;
			children = (
				3D5C1623212C3B420008D303 /* Weather.swift */,
				3D5C1625212C3DD70008D303 /* Coordinates.swift */,
				3D5C162D212D7C910008D303 /* SearchFilter.swift */,
				3D5C162F212DB9CA0008D303 /* SavedWeather.swift */,
				3D5C1611212AC6000008D303 /* WeatherApp.xcdatamodeld */,
				3D5C16372131785B0008D303 /* CoreDataStack.swift */,
			);
			path = Model;
			sourceTree = "<group>";
		};
		3D5C163421314B1D0008D303 /* View */ = {
			isa = PBXGroup;
			children = (
				3D5C161F212C25260008D303 /* WeatherView.swift */,
			);
			path = View;
			sourceTree = "<group>";
		};
		3D5C163521314B230008D303 /* Controller */ = {
			isa = PBXGroup;
			children = (
				3D5C162B212D62E80008D303 /* SearchFilterViewController.swift */,
				3D5C160C212AC6000008D303 /* WeatherViewController.swift */,
				3D5C1629212D62BA0008D303 /* SearchViewController.swift */,
			);
			path = Controller;
			sourceTree = "<group>";
		};
		3D5C163621314B9D0008D303 /* Network */ = {
			isa = PBXGroup;
			children = (
				3D5C1627212C703C0008D303 /* JsonParsingProtocol.swift */,
				3D5C1621212C36F50008D303 /* NetworkLogic.swift */,
			);
			path = Network;
			sourceTree = "<group>";
		};
		B46E5C9F66FACC160504B74E /* Pods */ = {
			isa = PBXGroup;
			children = (
				93990996C7BCD0035FDB1888 /* Pods-WeatherApp.debug.xcconfig */,
				FE1599AFCA44E44B3C24D4E4 /* Pods-WeatherApp.release.xcconfig */,
			);
			name = Pods;
			sourceTree = "<group>";
		};
/* End PBXGroup section */

/* Begin PBXNativeTarget section */
		3D5C1606212AC6000008D303 /* WeatherApp */ = {
			isa = PBXNativeTarget;
			buildConfigurationList = 3D5C161C212AC6030008D303 /* Build configuration list for PBXNativeTarget "WeatherApp" */;
			buildPhases = (
				E440AF28D5B18F25605B7CFA /* [CP] Check Pods Manifest.lock */,
				3D5C1603212AC6000008D303 /* Sources */,
				3D5C1604212AC6000008D303 /* Frameworks */,
				3D5C1605212AC6000008D303 /* Resources */,
				0E80AE01F9F1E4FB95BE9497 /* [CP] Embed Pods Frameworks */,
				6457AD69EFFACCEE58A8806A /* [CP] Copy Pods Resources */,
			);
			buildRules = (
			);
			dependencies = (
			);
			name = WeatherApp;
			productName = WeatherApp;
			productReference = 3D5C1607212AC6000008D303 /* WeatherApp.app */;
			productType = "com.apple.product-type.application";
		};
/* End PBXNativeTarget section */

/* Begin PBXProject section */
		3D5C15FF212AC6000008D303 /* Project object */ = {
			isa = PBXProject;
			attributes = {
				LastSwiftUpdateCheck = 0930;
				LastUpgradeCheck = 0930;
				ORGANIZATIONNAME = "Nikita Kechinov";
				TargetAttributes = {
					3D5C1606212AC6000008D303 = {
						CreatedOnToolsVersion = 9.3;
					};
				};
			};
			buildConfigurationList = 3D5C1602212AC6000008D303 /* Build configuration list for PBXProject "WeatherApp" */;
			compatibilityVersion = "Xcode 9.3";
			developmentRegion = en;
			hasScannedForEncodings = 0;
			knownRegions = (
				en,
				Base,
			);
			mainGroup = 3D5C15FE212AC6000008D303;
			productRefGroup = 3D5C1608212AC6000008D303 /* Products */;
			projectDirPath = "";
			projectRoot = "";
			targets = (
				3D5C1606212AC6000008D303 /* WeatherApp */,
			);
		};
/* End PBXProject section */

/* Begin PBXResourcesBuildPhase section */
		3D5C1605212AC6000008D303 /* Resources */ = {
			isa = PBXResourcesBuildPhase;
			buildActionMask = 2147483647;
			files = (
				3D5C1618212AC6030008D303 /* LaunchScreen.storyboard in Resources */,
				3D5C1615212AC6030008D303 /* Assets.xcassets in Resources */,
				3D5C1610212AC6000008D303 /* Main.storyboard in Resources */,
			);
			runOnlyForDeploymentPostprocessing = 0;
		};
/* End PBXResourcesBuildPhase section */

/* Begin PBXShellScriptBuildPhase section */
		0E80AE01F9F1E4FB95BE9497 /* [CP] Embed Pods Frameworks */ = {
			isa = PBXShellScriptBuildPhase;
			buildActionMask = 2147483647;
			files = (
			);
			inputPaths = (
				"${SRCROOT}/Pods/Target Support Files/Pods-WeatherApp/Pods-WeatherApp-frameworks.sh",
				"${BUILT_PRODUCTS_DIR}/Alamofire/Alamofire.framework",
			);
			name = "[CP] Embed Pods Frameworks";
			outputPaths = (
				"${TARGET_BUILD_DIR}/${FRAMEWORKS_FOLDER_PATH}/Alamofire.framework",
			);
			runOnlyForDeploymentPostprocessing = 0;
			shellPath = /bin/sh;
			shellScript = "\"${SRCROOT}/Pods/Target Support Files/Pods-WeatherApp/Pods-WeatherApp-frameworks.sh\"\n";
			showEnvVarsInLog = 0;
		};
		6457AD69EFFACCEE58A8806A /* [CP] Copy Pods Resources */ = {
			isa = PBXShellScriptBuildPhase;
			buildActionMask = 2147483647;
			files = (
			);
			inputPaths = (
			);
			name = "[CP] Copy Pods Resources";
			outputPaths = (
			);
			runOnlyForDeploymentPostprocessing = 0;
			shellPath = /bin/sh;
			shellScript = "\"${SRCROOT}/Pods/Target Support Files/Pods-WeatherApp/Pods-WeatherApp-resources.sh\"\n";
			showEnvVarsInLog = 0;
		};
		E440AF28D5B18F25605B7CFA /* [CP] Check Pods Manifest.lock */ = {
			isa = PBXShellScriptBuildPhase;
			buildActionMask = 2147483647;
			files = (
			);
			inputPaths = (
				"${PODS_PODFILE_DIR_PATH}/Podfile.lock",
				"${PODS_ROOT}/Manifest.lock",
			);
			name = "[CP] Check Pods Manifest.lock";
			outputPaths = (
				"$(DERIVED_FILE_DIR)/Pods-WeatherApp-checkManifestLockResult.txt",
			);
			runOnlyForDeploymentPostprocessing = 0;
			shellPath = /bin/sh;
			shellScript = "diff \"${PODS_PODFILE_DIR_PATH}/Podfile.lock\" \"${PODS_ROOT}/Manifest.lock\" > /dev/null\nif [ $? != 0 ] ; then\n    # print error to STDERR\n    echo \"error: The sandbox is not in sync with the Podfile.lock. Run 'pod install' or update your CocoaPods installation.\" >&2\n    exit 1\nfi\n# This output is used by Xcode 'outputs' to avoid re-running this script phase.\necho \"SUCCESS\" > \"${SCRIPT_OUTPUT_FILE_0}\"\n";
			showEnvVarsInLog = 0;
		};
/* End PBXShellScriptBuildPhase section */

/* Begin PBXSourcesBuildPhase section */
		3D5C1603212AC6000008D303 /* Sources */ = {
			isa = PBXSourcesBuildPhase;
			buildActionMask = 2147483647;
			files = (
				3D5C1630212DB9CA0008D303 /* SavedWeather.swift in Sources */,
				3D5C1613212AC6000008D303 /* WeatherApp.xcdatamodeld in Sources */,
				3D5C160D212AC6000008D303 /* WeatherViewController.swift in Sources */,
				3D5C162E212D7C910008D303 /* SearchFilter.swift in Sources */,
				3D5C1626212C3DD70008D303 /* Coordinates.swift in Sources */,
				3D5C162A212D62BA0008D303 /* SearchViewController.swift in Sources */,
				3D5C16382131785B0008D303 /* CoreDataStack.swift in Sources */,
				3D5C162C212D62E80008D303 /* SearchFilterViewController.swift in Sources */,
				3D5C1622212C36F50008D303 /* NetworkLogic.swift in Sources */,
				3D5C1628212C703C0008D303 /* JsonParsingProtocol.swift in Sources */,
				3D5C160B212AC6000008D303 /* AppDelegate.swift in Sources */,
				3D5C1624212C3B420008D303 /* Weather.swift in Sources */,
				3D5C1620212C25260008D303 /* WeatherView.swift in Sources */,
			);
			runOnlyForDeploymentPostprocessing = 0;
		};
/* End PBXSourcesBuildPhase section */

/* Begin PBXVariantGroup section */
		3D5C160E212AC6000008D303 /* Main.storyboard */ = {
			isa = PBXVariantGroup;
			children = (
				3D5C160F212AC6000008D303 /* Base */,
			);
			name = Main.storyboard;
			sourceTree = "<group>";
		};
		3D5C1616212AC6030008D303 /* LaunchScreen.storyboard */ = {
			isa = PBXVariantGroup;
			children = (
				3D5C1617212AC6030008D303 /* Base */,
			);
			name = LaunchScreen.storyboard;
			sourceTree = "<group>";
		};
/* End PBXVariantGroup section */

/* Begin XCBuildConfiguration section */
		3D5C161A212AC6030008D303 /* Debug */ = {
			isa = XCBuildConfiguration;
			buildSettings = {
				ALWAYS_SEARCH_USER_PATHS = NO;
				CLANG_ANALYZER_NONNULL = YES;
				CLANG_ANALYZER_NUMBER_OBJECT_CONVERSION = YES_AGGRESSIVE;
				CLANG_CXX_LANGUAGE_STANDARD = "gnu++14";
				CLANG_CXX_LIBRARY = "libc++";
				CLANG_ENABLE_MODULES = YES;
				CLANG_ENABLE_OBJC_ARC = YES;
				CLANG_ENABLE_OBJC_WEAK = YES;
				CLANG_WARN_BLOCK_CAPTURE_AUTORELEASING = YES;
				CLANG_WARN_BOOL_CONVERSION = YES;
				CLANG_WARN_COMMA = YES;
				CLANG_WARN_CONSTANT_CONVERSION = YES;
				CLANG_WARN_DEPRECATED_OBJC_IMPLEMENTATIONS = YES;
				CLANG_WARN_DIRECT_OBJC_ISA_USAGE = YES_ERROR;
				CLANG_WARN_DOCUMENTATION_COMMENTS = YES;
				CLANG_WARN_EMPTY_BODY = YES;
				CLANG_WARN_ENUM_CONVERSION = YES;
				CLANG_WARN_INFINITE_RECURSION = YES;
				CLANG_WARN_INT_CONVERSION = YES;
				CLANG_WARN_NON_LITERAL_NULL_CONVERSION = YES;
				CLANG_WARN_OBJC_IMPLICIT_RETAIN_SELF = YES;
				CLANG_WARN_OBJC_LITERAL_CONVERSION = YES;
				CLANG_WARN_OBJC_ROOT_CLASS = YES_ERROR;
				CLANG_WARN_RANGE_LOOP_ANALYSIS = YES;
				CLANG_WARN_STRICT_PROTOTYPES = YES;
				CLANG_WARN_SUSPICIOUS_MOVE = YES;
				CLANG_WARN_UNGUARDED_AVAILABILITY = YES_AGGRESSIVE;
				CLANG_WARN_UNREACHABLE_CODE = YES;
				CLANG_WARN__DUPLICATE_METHOD_MATCH = YES;
				CODE_SIGN_IDENTITY = "iPhone Developer";
				COPY_PHASE_STRIP = NO;
				DEBUG_INFORMATION_FORMAT = dwarf;
				ENABLE_STRICT_OBJC_MSGSEND = YES;
				ENABLE_TESTABILITY = YES;
				GCC_C_LANGUAGE_STANDARD = gnu11;
				GCC_DYNAMIC_NO_PIC = NO;
				GCC_NO_COMMON_BLOCKS = YES;
				GCC_OPTIMIZATION_LEVEL = 0;
				GCC_PREPROCESSOR_DEFINITIONS = (
					"DEBUG=1",
					"$(inherited)",
				);
				GCC_WARN_64_TO_32_BIT_CONVERSION = YES;
				GCC_WARN_ABOUT_RETURN_TYPE = YES_ERROR;
				GCC_WARN_UNDECLARED_SELECTOR = YES;
				GCC_WARN_UNINITIALIZED_AUTOS = YES_AGGRESSIVE;
				GCC_WARN_UNUSED_FUNCTION = YES;
				GCC_WARN_UNUSED_VARIABLE = YES;
				IPHONEOS_DEPLOYMENT_TARGET = 11.3;
				MTL_ENABLE_DEBUG_INFO = YES;
				ONLY_ACTIVE_ARCH = YES;
				SDKROOT = iphoneos;
				SWIFT_ACTIVE_COMPILATION_CONDITIONS = DEBUG;
				SWIFT_OPTIMIZATION_LEVEL = "-Onone";
			};
			name = Debug;
		};
		3D5C161B212AC6030008D303 /* Release */ = {
			isa = XCBuildConfiguration;
			buildSettings = {
				ALWAYS_SEARCH_USER_PATHS = NO;
				CLANG_ANALYZER_NONNULL = YES;
				CLANG_ANALYZER_NUMBER_OBJECT_CONVERSION = YES_AGGRESSIVE;
				CLANG_CXX_LANGUAGE_STANDARD = "gnu++14";
				CLANG_CXX_LIBRARY = "libc++";
				CLANG_ENABLE_MODULES = YES;
				CLANG_ENABLE_OBJC_ARC = YES;
				CLANG_ENABLE_OBJC_WEAK = YES;
				CLANG_WARN_BLOCK_CAPTURE_AUTORELEASING = YES;
				CLANG_WARN_BOOL_CONVERSION = YES;
				CLANG_WARN_COMMA = YES;
				CLANG_WARN_CONSTANT_CONVERSION = YES;
				CLANG_WARN_DEPRECATED_OBJC_IMPLEMENTATIONS = YES;
				CLANG_WARN_DIRECT_OBJC_ISA_USAGE = YES_ERROR;
				CLANG_WARN_DOCUMENTATION_COMMENTS = YES;
				CLANG_WARN_EMPTY_BODY = YES;
				CLANG_WARN_ENUM_CONVERSION = YES;
				CLANG_WARN_INFINITE_RECURSION = YES;
				CLANG_WARN_INT_CONVERSION = YES;
				CLANG_WARN_NON_LITERAL_NULL_CONVERSION = YES;
				CLANG_WARN_OBJC_IMPLICIT_RETAIN_SELF = YES;
				CLANG_WARN_OBJC_LITERAL_CONVERSION = YES;
				CLANG_WARN_OBJC_ROOT_CLASS = YES_ERROR;
				CLANG_WARN_RANGE_LOOP_ANALYSIS = YES;
				CLANG_WARN_STRICT_PROTOTYPES = YES;
				CLANG_WARN_SUSPICIOUS_MOVE = YES;
				CLANG_WARN_UNGUARDED_AVAILABILITY = YES_AGGRESSIVE;
				CLANG_WARN_UNREACHABLE_CODE = YES;
				CLANG_WARN__DUPLICATE_METHOD_MATCH = YES;
				CODE_SIGN_IDENTITY = "iPhone Developer";
				COPY_PHASE_STRIP = NO;
				DEBUG_INFORMATION_FORMAT = "dwarf-with-dsym";
				ENABLE_NS_ASSERTIONS = NO;
				ENABLE_STRICT_OBJC_MSGSEND = YES;
				GCC_C_LANGUAGE_STANDARD = gnu11;
				GCC_NO_COMMON_BLOCKS = YES;
				GCC_WARN_64_TO_32_BIT_CONVERSION = YES;
				GCC_WARN_ABOUT_RETURN_TYPE = YES_ERROR;
				GCC_WARN_UNDECLARED_SELECTOR = YES;
				GCC_WARN_UNINITIALIZED_AUTOS = YES_AGGRESSIVE;
				GCC_WARN_UNUSED_FUNCTION = YES;
				GCC_WARN_UNUSED_VARIABLE = YES;
				IPHONEOS_DEPLOYMENT_TARGET = 11.3;
				MTL_ENABLE_DEBUG_INFO = NO;
				SDKROOT = iphoneos;
				SWIFT_COMPILATION_MODE = wholemodule;
				SWIFT_OPTIMIZATION_LEVEL = "-O";
				VALIDATE_PRODUCT = YES;
			};
			name = Release;
		};
		3D5C161D212AC6030008D303 /* Debug */ = {
			isa = XCBuildConfiguration;
			baseConfigurationReference = 93990996C7BCD0035FDB1888 /* Pods-WeatherApp.debug.xcconfig */;
			buildSettings = {
				ASSETCATALOG_COMPILER_APPICON_NAME = AppIcon;
				CODE_SIGN_STYLE = Automatic;
				DEVELOPMENT_TEAM = 9QD9Y49583;
				INFOPLIST_FILE = WeatherApp/Info.plist;
				LD_RUNPATH_SEARCH_PATHS = (
					"$(inherited)",
					"@executable_path/Frameworks",
				);
				PRODUCT_BUNDLE_IDENTIFIER = com.kechin.WeatherApp;
				PRODUCT_NAME = "$(TARGET_NAME)";
				SWIFT_VERSION = 4.0;
				TARGETED_DEVICE_FAMILY = "1,2";
			};
			name = Debug;
		};
		3D5C161E212AC6030008D303 /* Release */ = {
			isa = XCBuildConfiguration;
			baseConfigurationReference = FE1599AFCA44E44B3C24D4E4 /* Pods-WeatherApp.release.xcconfig */;
			buildSettings = {
				ASSETCATALOG_COMPILER_APPICON_NAME = AppIcon;
				CODE_SIGN_STYLE = Automatic;
				DEVELOPMENT_TEAM = 9QD9Y49583;
				INFOPLIST_FILE = WeatherApp/Info.plist;
				LD_RUNPATH_SEARCH_PATHS = (
					"$(inherited)",
					"@executable_path/Frameworks",
				);
				PRODUCT_BUNDLE_IDENTIFIER = com.kechin.WeatherApp;
				PRODUCT_NAME = "$(TARGET_NAME)";
				SWIFT_VERSION = 4.0;
				TARGETED_DEVICE_FAMILY = "1,2";
			};
			name = Release;
		};
/* End XCBuildConfiguration section */

/* Begin XCConfigurationList section */
		3D5C1602212AC6000008D303 /* Build configuration list for PBXProject "WeatherApp" */ = {
			isa = XCConfigurationList;
			buildConfigurations = (
				3D5C161A212AC6030008D303 /* Debug */,
				3D5C161B212AC6030008D303 /* Release */,
			);
			defaultConfigurationIsVisible = 0;
			defaultConfigurationName = Release;
		};
		3D5C161C212AC6030008D303 /* Build configuration list for PBXNativeTarget "WeatherApp" */ = {
			isa = XCConfigurationList;
			buildConfigurations = (
				3D5C161D212AC6030008D303 /* Debug */,
				3D5C161E212AC6030008D303 /* Release */,
			);
			defaultConfigurationIsVisible = 0;
			defaultConfigurationName = Release;
		};
/* End XCConfigurationList section */

/* Begin XCVersionGroup section */
		3D5C1611212AC6000008D303 /* WeatherApp.xcdatamodeld */ = {
			isa = XCVersionGroup;
			children = (
				3D5C1612212AC6000008D303 /* WeatherApp.xcdatamodel */,
			);
			currentVersion = 3D5C1612212AC6000008D303 /* WeatherApp.xcdatamodel */;
			path = WeatherApp.xcdatamodeld;
			sourceTree = "<group>";
			versionGroupType = wrapper.xcdatamodel;
		};
/* End XCVersionGroup section */
	};
	rootObject = 3D5C15FF212AC6000008D303 /* Project object */;
}
